
Microsoft Visual Studio Solution File, Format Version 12.00
# Visual Studio 15
VisualStudioVersion = 15.0.27004.2009
MinimumVisualStudioVersion = 10.0.40219.1
Project("{FAE04EC0-301F-11D3-BF4B-00C04F79EFBC}") = "PT.Web.MVC", "PT.Web.MVC\PT.Web.MVC.csproj", "{F2B4B392-FAFC-4545-8EAB-834468EDA857}"
EndProject
Project("{FAE04EC0-301F-11D3-BF4B-00C04F79EFBC}") = "PT.Entitiy", "PT.Entitiy\PT.Entitiy.csproj", "{954F8135-07E1-4809-A81A-2977BC500E0F}"
EndProject
Project("{FAE04EC0-301F-11D3-BF4B-00C04F79EFBC}") = "PT.DAL", "PT.DAL\PT.DAL.csproj", "{699D2E89-BAA0-4963-B613-FC87DD3A0D95}"
EndProject
Project("{FAE04EC0-301F-11D3-BF4B-00C04F79EFBC}") = "PT.BLL", "PT.BLL\PT.BLL.csproj", "{DC0A3CFC-27FE-4A82-9D9B-28538AA513FE}"
EndProject
Global
	GlobalSection(SolutionConfigurationPlatforms) = preSolution
		Debug|Any CPU = Debug|Any CPU
		Release|Any CPU = Release|Any CPU
	EndGlobalSection
	GlobalSection(ProjectConfigurationPlatforms) = postSolution
		{F2B4B392-FAFC-4545-8EAB-834468EDA857}.Debug|Any CPU.ActiveCfg = Debug|Any CPU
		{F2B4B392-FAFC-4545-8EAB-834468EDA857}.Debug|Any CPU.Build.0 = Debug|Any CPU
		{F2B4B392-FAFC-4545-8EAB-834468EDA857}.Release|Any CPU.ActiveCfg = Release|Any CPU
		{F2B4B392-FAFC-4545-8EAB-834468EDA857}.Release|Any CPU.Build.0 = Release|Any CPU
		{954F8135-07E1-4809-A81A-2977BC500E0F}.Debug|Any CPU.ActiveCfg = Debug|Any CPU
		{954F8135-07E1-4809-A81A-2977BC500E0F}.Debug|Any CPU.Build.0 = Debug|Any CPU
		{954F8135-07E1-4809-A81A-2977BC500E0F}.Release|Any CPU.ActiveCfg = Release|Any CPU
		{954F8135-07E1-4809-A81A-2977BC500E0F}.Release|Any CPU.Build.0 = Release|Any CPU
		{699D2E89-BAA0-4963-B613-FC87DD3A0D95}.Debug|Any CPU.ActiveCfg = Debug|Any CPU
		{699D2E89-BAA0-4963-B613-FC87DD3A0D95}.Debug|Any CPU.Build.0 = Debug|Any CPU
		{699D2E89-BAA0-4963-B613-FC87DD3A0D95}.Release|Any CPU.ActiveCfg = Release|Any CPU
		{699D2E89-BAA0-4963-B613-FC87DD3A0D95}.Release|Any CPU.Build.0 = Release|Any CPU
		{DC0A3CFC-27FE-4A82-9D9B-28538AA513FE}.Debug|Any CPU.ActiveCfg = Debug|Any CPU
		{DC0A3CFC-27FE-4A82-9D9B-28538AA513FE}.Debug|Any CPU.Build.0 = Debug|Any CPU
		{DC0A3CFC-27FE-4A82-9D9B-28538AA513FE}.Release|Any CPU.ActiveCfg = Release|Any CPU
		{DC0A3CFC-27FE-4A82-9D9B-28538AA513FE}.Release|Any CPU.Build.0 = Release|Any CPU
	EndGlobalSection
	GlobalSection(SolutionProperties) = preSolution
		HideSolutionNode = FALSE
	EndGlobalSection
	GlobalSection(ExtensibilityGlobals) = postSolution
		SolutionGuid = {D77BA2CF-6DAA-469B-9241-B56E5C9C89C6}
	EndGlobalSection
EndGlobal
